// !$*UTF8*$!
{
	archiveVersion = 1;
	classes = {
	};
	objectVersion = 55;
	objects = {

/* Begin PBXBuildFile section */
		10770BE1270892EB00ECCBB5 /* AppDelegate.swift in Sources */ = {isa = PBXBuildFile; fileRef = 10770BE0270892EB00ECCBB5 /* AppDelegate.swift */; };
		10770BE3270892EB00ECCBB5 /* SceneDelegate.swift in Sources */ = {isa = PBXBuildFile; fileRef = 10770BE2270892EB00ECCBB5 /* SceneDelegate.swift */; };
		10770BE8270892EB00ECCBB5 /* Main.storyboard in Resources */ = {isa = PBXBuildFile; fileRef = 10770BE6270892EB00ECCBB5 /* Main.storyboard */; };
		10770BEA270892EC00ECCBB5 /* Assets.xcassets in Resources */ = {isa = PBXBuildFile; fileRef = 10770BE9270892EC00ECCBB5 /* Assets.xcassets */; };
		10770BED270892EC00ECCBB5 /* LaunchScreen.storyboard in Resources */ = {isa = PBXBuildFile; fileRef = 10770BEB270892EC00ECCBB5 /* LaunchScreen.storyboard */; };
		10770BF9270895BE00ECCBB5 /* NewContactViewController.swift in Sources */ = {isa = PBXBuildFile; fileRef = 10770BF8270895BE00ECCBB5 /* NewContactViewController.swift */; };
		10770BFB270895EF00ECCBB5 /* ContactListViewController.swift in Sources */ = {isa = PBXBuildFile; fileRef = 10770BFA270895EF00ECCBB5 /* ContactListViewController.swift */; };
		10770BFE2708972200ECCBB5 /* Contact.swift in Sources */ = {isa = PBXBuildFile; fileRef = 10770BFD2708972200ECCBB5 /* Contact.swift */; };
		10770C012708974C00ECCBB5 /* StorageManager.swift in Sources */ = {isa = PBXBuildFile; fileRef = 10770C002708974C00ECCBB5 /* StorageManager.swift */; };
		10770C03270897F100ECCBB5 /* .gitignore in Resources */ = {isa = PBXBuildFile; fileRef = 10770C02270897F100ECCBB5 /* .gitignore */; };
/* End PBXBuildFile section */

/* Begin PBXFileReference section */
		10770BDD270892EB00ECCBB5 /* Lesson12Contacts.app */ = {isa = PBXFileReference; explicitFileType = wrapper.application; includeInIndex = 0; path = Lesson12Contacts.app; sourceTree = BUILT_PRODUCTS_DIR; };
		10770BE0270892EB00ECCBB5 /* AppDelegate.swift */ = {isa = PBXFileReference; lastKnownFileType = sourcecode.swift; path = AppDelegate.swift; sourceTree = "<group>"; };
		10770BE2270892EB00ECCBB5 /* SceneDelegate.swift */ = {isa = PBXFileReference; lastKnownFileType = sourcecode.swift; path = SceneDelegate.swift; sourceTree = "<group>"; };
		10770BE7270892EB00ECCBB5 /* Base */ = {isa = PBXFileReference; lastKnownFileType = file.storyboard; name = Base; path = Base.lproj/Main.storyboard; sourceTree = "<group>"; };
		10770BE9270892EC00ECCBB5 /* Assets.xcassets */ = {isa = PBXFileReference; lastKnownFileType = folder.assetcatalog; path = Assets.xcassets; sourceTree = "<group>"; };
		10770BEC270892EC00ECCBB5 /* Base */ = {isa = PBXFileReference; lastKnownFileType = file.storyboard; name = Base; path = Base.lproj/LaunchScreen.storyboard; sourceTree = "<group>"; };
		10770BEE270892EC00ECCBB5 /* Info.plist */ = {isa = PBXFileReference; lastKnownFileType = text.plist.xml; path = Info.plist; sourceTree = "<group>"; };
		10770BF8270895BE00ECCBB5 /* NewContactViewController.swift */ = {isa = PBXFileReference; lastKnownFileType = sourcecode.swift; path = NewContactViewController.swift; sourceTree = "<group>"; };
		10770BFA270895EF00ECCBB5 /* ContactListViewController.swift */ = {isa = PBXFileReference; lastKnownFileType = sourcecode.swift; path = ContactListViewController.swift; sourceTree = "<group>"; };
		10770BFD2708972200ECCBB5 /* Contact.swift */ = {isa = PBXFileReference; lastKnownFileType = sourcecode.swift; path = Contact.swift; sourceTree = "<group>"; };
		10770C002708974C00ECCBB5 /* StorageManager.swift */ = {isa = PBXFileReference; lastKnownFileType = sourcecode.swift; path = StorageManager.swift; sourceTree = "<group>"; };
		10770C02270897F100ECCBB5 /* .gitignore */ = {isa = PBXFileReference; lastKnownFileType = text; path = .gitignore; sourceTree = "<group>"; };
/* End PBXFileReference section */

/* Begin PBXFrameworksBuildPhase section */
		10770BDA270892EB00ECCBB5 /* Frameworks */ = {
			isa = PBXFrameworksBuildPhase;
			buildActionMask = 2147483647;
			files = (
			);
			runOnlyForDeploymentPostprocessing = 0;
		};
/* End PBXFrameworksBuildPhase section */

/* Begin PBXGroup section */
		10770BD4270892EB00ECCBB5 = {
			isa = PBXGroup;
			children = (
				10770C02270897F100ECCBB5 /* .gitignore */,
				10770BDF270892EB00ECCBB5 /* Lesson12Contacts */,
				10770BDE270892EB00ECCBB5 /* Products */,
			);
			sourceTree = "<group>";
		};
		10770BDE270892EB00ECCBB5 /* Products */ = {
			isa = PBXGroup;
			children = (
				10770BDD270892EB00ECCBB5 /* Lesson12Contacts.app */,
			);
			name = Products;
			sourceTree = "<group>";
		};
		10770BDF270892EB00ECCBB5 /* Lesson12Contacts */ = {
			isa = PBXGroup;
			children = (
				10770BFF2708972E00ECCBB5 /* Services */,
				10770BFC2708970D00ECCBB5 /* Models */,
				10770BF72708956A00ECCBB5 /* Viewcontrollers */,
				10770BF52708954D00ECCBB5 /* Srotyboards */,
				10770BF62708955B00ECCBB5 /* Resources */,
				10770BF42708952E00ECCBB5 /* App */,
			);
			path = Lesson12Contacts;
			sourceTree = "<group>";
		};
		10770BF42708952E00ECCBB5 /* App */ = {
			isa = PBXGroup;
			children = (
				10770BEE270892EC00ECCBB5 /* Info.plist */,
				10770BE2270892EB00ECCBB5 /* SceneDelegate.swift */,
				10770BE0270892EB00ECCBB5 /* AppDelegate.swift */,
			);
			path = App;
			sourceTree = "<group>";
		};
		10770BF52708954D00ECCBB5 /* Srotyboards */ = {
			isa = PBXGroup;
			children = (
				10770BE6270892EB00ECCBB5 /* Main.storyboard */,
				10770BEB270892EC00ECCBB5 /* LaunchScreen.storyboard */,
			);
			path = Srotyboards;
			sourceTree = "<group>";
		};
		10770BF62708955B00ECCBB5 /* Resources */ = {
			isa = PBXGroup;
			children = (
				10770BE9270892EC00ECCBB5 /* Assets.xcassets */,
			);
			path = Resources;
			sourceTree = "<group>";
		};
		10770BF72708956A00ECCBB5 /* Viewcontrollers */ = {
			isa = PBXGroup;
			children = (
				10770BF8270895BE00ECCBB5 /* NewContactViewController.swift */,
				10770BFA270895EF00ECCBB5 /* ContactListViewController.swift */,
			);
			path = Viewcontrollers;
			sourceTree = "<group>";
		};
		10770BFC2708970D00ECCBB5 /* Models */ = {
			isa = PBXGroup;
			children = (
				10770BFD2708972200ECCBB5 /* Contact.swift */,
			);
			path = Models;
			sourceTree = "<group>";
		};
		10770BFF2708972E00ECCBB5 /* Services */ = {
			isa = PBXGroup;
			children = (
				10770C002708974C00ECCBB5 /* StorageManager.swift */,
			);
			path = Services;
			sourceTree = "<group>";
		};
/* End PBXGroup section */

/* Begin PBXNativeTarget section */
		10770BDC270892EB00ECCBB5 /* Lesson12Contacts */ = {
			isa = PBXNativeTarget;
			buildConfigurationList = 10770BF1270892EC00ECCBB5 /* Build configuration list for PBXNativeTarget "Lesson12Contacts" */;
			buildPhases = (
				10770BD9270892EB00ECCBB5 /* Sources */,
				10770BDA270892EB00ECCBB5 /* Frameworks */,
				10770BDB270892EB00ECCBB5 /* Resources */,
			);
			buildRules = (
			);
			dependencies = (
			);
			name = Lesson12Contacts;
			productName = Lesson12Contacts;
			productReference = 10770BDD270892EB00ECCBB5 /* Lesson12Contacts.app */;
			productType = "com.apple.product-type.application";
		};
/* End PBXNativeTarget section */

/* Begin PBXProject section */
		10770BD5270892EB00ECCBB5 /* Project object */ = {
			isa = PBXProject;
			attributes = {
				BuildIndependentTargetsInParallel = 1;
				LastSwiftUpdateCheck = 1300;
				LastUpgradeCheck = 1300;
				TargetAttributes = {
					10770BDC270892EB00ECCBB5 = {
						CreatedOnToolsVersion = 13.0;
					};
				};
			};
			buildConfigurationList = 10770BD8270892EB00ECCBB5 /* Build configuration list for PBXProject "Lesson12Contacts" */;
			compatibilityVersion = "Xcode 13.0";
			developmentRegion = en;
			hasScannedForEncodings = 0;
			knownRegions = (
				en,
				Base,
			);
			mainGroup = 10770BD4270892EB00ECCBB5;
			productRefGroup = 10770BDE270892EB00ECCBB5 /* Products */;
			projectDirPath = "";
			projectRoot = "";
			targets = (
				10770BDC270892EB00ECCBB5 /* Lesson12Contacts */,
			);
		};
/* End PBXProject section */

/* Begin PBXResourcesBuildPhase section */
		10770BDB270892EB00ECCBB5 /* Resources */ = {
			isa = PBXResourcesBuildPhase;
			buildActionMask = 2147483647;
			files = (
				10770C03270897F100ECCBB5 /* .gitignore in Resources */,
				10770BED270892EC00ECCBB5 /* LaunchScreen.storyboard in Resources */,
				10770BEA270892EC00ECCBB5 /* Assets.xcassets in Resources */,
				10770BE8270892EB00ECCBB5 /* Main.storyboard in Resources */,
			);
			runOnlyForDeploymentPostprocessing = 0;
		};
/* End PBXResourcesBuildPhase section */

/* Begin PBXSourcesBuildPhase section */
		10770BD9270892EB00ECCBB5 /* Sources */ = {
			isa = PBXSourcesBuildPhase;
			buildActionMask = 2147483647;
			files = (
				10770BE1270892EB00ECCBB5 /* AppDelegate.swift in Sources */,
				10770BFB270895EF00ECCBB5 /* ContactListViewController.swift in Sources */,
				10770BFE2708972200ECCBB5 /* Contact.swift in Sources */,
				10770C012708974C00ECCBB5 /* StorageManager.swift in Sources */,
				10770BF9270895BE00ECCBB5 /* NewContactViewController.swift in Sources */,
				10770BE3270892EB00ECCBB5 /* SceneDelegate.swift in Sources */,
			);
			runOnlyForDeploymentPostprocessing = 0;
		};
/* End PBXSourcesBuildPhase section */

/* Begin PBXVariantGroup section */
		10770BE6270892EB00ECCBB5 /* Main.storyboard */ = {
			isa = PBXVariantGroup;
			children = (
				10770BE7270892EB00ECCBB5 /* Base */,
			);
			name = Main.storyboard;
			sourceTree = "<group>";
		};
		10770BEB270892EC00ECCBB5 /* LaunchScreen.storyboard */ = {
			isa = PBXVariantGroup;
			children = (
				10770BEC270892EC00ECCBB5 /* Base */,
			);
			name = LaunchScreen.storyboard;
			sourceTree = "<group>";
		};
/* End PBXVariantGroup section */

/* Begin XCBuildConfiguration section */
		10770BEF270892EC00ECCBB5 /* Debug */ = {
			isa = XCBuildConfiguration;
			buildSettings = {
				ALWAYS_SEARCH_USER_PATHS = NO;
				CLANG_ANALYZER_NONNULL = YES;
				CLANG_ANALYZER_NUMBER_OBJECT_CONVERSION = YES_AGGRESSIVE;
				CLANG_CXX_LANGUAGE_STANDARD = "gnu++17";
				CLANG_CXX_LIBRARY = "libc++";
				CLANG_ENABLE_MODULES = YES;
				CLANG_ENABLE_OBJC_ARC = YES;
				CLANG_ENABLE_OBJC_WEAK = YES;
				CLANG_WARN_BLOCK_CAPTURE_AUTORELEASING = YES;
				CLANG_WARN_BOOL_CONVERSION = YES;
				CLANG_WARN_COMMA = YES;
				CLANG_WARN_CONSTANT_CONVERSION = YES;
				CLANG_WARN_DEPRECATED_OBJC_IMPLEMENTATIONS = YES;
				CLANG_WARN_DIRECT_OBJC_ISA_USAGE = YES_ERROR;
				CLANG_WARN_DOCUMENTATION_COMMENTS = YES;
				CLANG_WARN_EMPTY_BODY = YES;
				CLANG_WARN_ENUM_CONVERSION = YES;
				CLANG_WARN_INFINITE_RECURSION = YES;
				CLANG_WARN_INT_CONVERSION = YES;
				CLANG_WARN_NON_LITERAL_NULL_CONVERSION = YES;
				CLANG_WARN_OBJC_IMPLICIT_RETAIN_SELF = YES;
				CLANG_WARN_OBJC_LITERAL_CONVERSION = YES;
				CLANG_WARN_OBJC_ROOT_CLASS = YES_ERROR;
				CLANG_WARN_QUOTED_INCLUDE_IN_FRAMEWORK_HEADER = YES;
				CLANG_WARN_RANGE_LOOP_ANALYSIS = YES;
				CLANG_WARN_STRICT_PROTOTYPES = YES;
				CLANG_WARN_SUSPICIOUS_MOVE = YES;
				CLANG_WARN_UNGUARDED_AVAILABILITY = YES_AGGRESSIVE;
				CLANG_WARN_UNREACHABLE_CODE = YES;
				CLANG_WARN__DUPLICATE_METHOD_MATCH = YES;
				COPY_PHASE_STRIP = NO;
				DEBUG_INFORMATION_FORMAT = dwarf;
				ENABLE_STRICT_OBJC_MSGSEND = YES;
				ENABLE_TESTABILITY = YES;
				GCC_C_LANGUAGE_STANDARD = gnu11;
				GCC_DYNAMIC_NO_PIC = NO;
				GCC_NO_COMMON_BLOCKS = YES;
				GCC_OPTIMIZATION_LEVEL = 0;
				GCC_PREPROCESSOR_DEFINITIONS = (
					"DEBUG=1",
					"$(inherited)",
				);
				GCC_WARN_64_TO_32_BIT_CONVERSION = YES;
				GCC_WARN_ABOUT_RETURN_TYPE = YES_ERROR;
				GCC_WARN_UNDECLARED_SELECTOR = YES;
				GCC_WARN_UNINITIALIZED_AUTOS = YES_AGGRESSIVE;
				GCC_WARN_UNUSED_FUNCTION = YES;
				GCC_WARN_UNUSED_VARIABLE = YES;
				IPHONEOS_DEPLOYMENT_TARGET = 15.0;
				MTL_ENABLE_DEBUG_INFO = INCLUDE_SOURCE;
				MTL_FAST_MATH = YES;
				ONLY_ACTIVE_ARCH = YES;
				SDKROOT = iphoneos;
				SWIFT_ACTIVE_COMPILATION_CONDITIONS = DEBUG;
				SWIFT_OPTIMIZATION_LEVEL = "-Onone";
			};
			name = Debug;
		};
		10770BF0270892EC00ECCBB5 /* Release */ = {
			isa = XCBuildConfiguration;
			buildSettings = {
				ALWAYS_SEARCH_USER_PATHS = NO;
				CLANG_ANALYZER_NONNULL = YES;
				CLANG_ANALYZER_NUMBER_OBJECT_CONVERSION = YES_AGGRESSIVE;
				CLANG_CXX_LANGUAGE_STANDARD = "gnu++17";
				CLANG_CXX_LIBRARY = "libc++";
				CLANG_ENABLE_MODULES = YES;
				CLANG_ENABLE_OBJC_ARC = YES;
				CLANG_ENABLE_OBJC_WEAK = YES;
				CLANG_WARN_BLOCK_CAPTURE_AUTORELEASING = YES;
				CLANG_WARN_BOOL_CONVERSION = YES;
				CLANG_WARN_COMMA = YES;
				CLANG_WARN_CONSTANT_CONVERSION = YES;
				CLANG_WARN_DEPRECATED_OBJC_IMPLEMENTATIONS = YES;
				CLANG_WARN_DIRECT_OBJC_ISA_USAGE = YES_ERROR;
				CLANG_WARN_DOCUMENTATION_COMMENTS = YES;
				CLANG_WARN_EMPTY_BODY = YES;
				CLANG_WARN_ENUM_CONVERSION = YES;
				CLANG_WARN_INFINITE_RECURSION = YES;
				CLANG_WARN_INT_CONVERSION = YES;
				CLANG_WARN_NON_LITERAL_NULL_CONVERSION = YES;
				CLANG_WARN_OBJC_IMPLICIT_RETAIN_SELF = YES;
				CLANG_WARN_OBJC_LITERAL_CONVERSION = YES;
				CLANG_WARN_OBJC_ROOT_CLASS = YES_ERROR;
				CLANG_WARN_QUOTED_INCLUDE_IN_FRAMEWORK_HEADER = YES;
				CLANG_WARN_RANGE_LOOP_ANALYSIS = YES;
				CLANG_WARN_STRICT_PROTOTYPES = YES;
				CLANG_WARN_SUSPICIOUS_MOVE = YES;
				CLANG_WARN_UNGUARDED_AVAILABILITY = YES_AGGRESSIVE;
				CLANG_WARN_UNREACHABLE_CODE = YES;
				CLANG_WARN__DUPLICATE_METHOD_MATCH = YES;
				COPY_PHASE_STRIP = NO;
				DEBUG_INFORMATION_FORMAT = "dwarf-with-dsym";
				ENABLE_NS_ASSERTIONS = NO;
				ENABLE_STRICT_OBJC_MSGSEND = YES;
				GCC_C_LANGUAGE_STANDARD = gnu11;
				GCC_NO_COMMON_BLOCKS = YES;
				GCC_WARN_64_TO_32_BIT_CONVERSION = YES;
				GCC_WARN_ABOUT_RETURN_TYPE = YES_ERROR;
				GCC_WARN_UNDECLARED_SELECTOR = YES;
				GCC_WARN_UNINITIALIZED_AUTOS = YES_AGGRESSIVE;
				GCC_WARN_UNUSED_FUNCTION = YES;
				GCC_WARN_UNUSED_VARIABLE = YES;
				IPHONEOS_DEPLOYMENT_TARGET = 15.0;
				MTL_ENABLE_DEBUG_INFO = NO;
				MTL_FAST_MATH = YES;
				SDKROOT = iphoneos;
				SWIFT_COMPILATION_MODE = wholemodule;
				SWIFT_OPTIMIZATION_LEVEL = "-O";
				VALIDATE_PRODUCT = YES;
			};
			name = Release;
		};
		10770BF2270892EC00ECCBB5 /* Debug */ = {
			isa = XCBuildConfiguration;
			buildSettings = {
				ASSETCATALOG_COMPILER_APPICON_NAME = AppIcon;
				ASSETCATALOG_COMPILER_GLOBAL_ACCENT_COLOR_NAME = AccentColor;
				CODE_SIGN_STYLE = Automatic;
				CURRENT_PROJECT_VERSION = 1;
				DEVELOPMENT_TEAM = QGLMKQL94J;
				GENERATE_INFOPLIST_FILE = YES;
				INFOPLIST_FILE = Lesson12Contacts/App/Info.plist;
				INFOPLIST_KEY_UIApplicationSupportsIndirectInputEvents = YES;
				INFOPLIST_KEY_UILaunchStoryboardName = LaunchScreen;
				INFOPLIST_KEY_UIMainStoryboardFile = Main;
				INFOPLIST_KEY_UISupportedInterfaceOrientations_iPad = "UIInterfaceOrientationPortrait UIInterfaceOrientationPortraitUpsideDown UIInterfaceOrientationLandscapeLeft UIInterfaceOrientationLandscapeRight";
				INFOPLIST_KEY_UISupportedInterfaceOrientations_iPhone = "UIInterfaceOrientationPortrait UIInterfaceOrientationLandscapeLeft UIInterfaceOrientationLandscapeRight";
				LD_RUNPATH_SEARCH_PATHS = (
					"$(inherited)",
					"@executable_path/Frameworks",
				);
				MARKETING_VERSION = 1.0;
				PRODUCT_BUNDLE_IDENTIFIER = Olegajaro.Lesson12Contacts;
				PRODUCT_NAME = "$(TARGET_NAME)";
				SWIFT_EMIT_LOC_STRINGS = YES;
				SWIFT_VERSION = 5.0;
				TARGETED_DEVICE_FAMILY = "1,2";
			};
			name = Debug;
		};
		10770BF3270892EC00ECCBB5 /* Release */ = {
			isa = XCBuildConfiguration;
			buildSettings = {
				ASSETCATALOG_COMPILER_APPICON_NAME = AppIcon;
				ASSETCATALOG_COMPILER_GLOBAL_ACCENT_COLOR_NAME = AccentColor;
				CODE_SIGN_STYLE = Automatic;
				CURRENT_PROJECT_VERSION = 1;
				DEVELOPMENT_TEAM = QGLMKQL94J;
				GENERATE_INFOPLIST_FILE = YES;
				INFOPLIST_FILE = Lesson12Contacts/App/Info.plist;
				INFOPLIST_KEY_UIApplicationSupportsIndirectInputEvents = YES;
				INFOPLIST_KEY_UILaunchStoryboardName = LaunchScreen;
				INFOPLIST_KEY_UIMainStoryboardFile = Main;
				INFOPLIST_KEY_UISupportedInterfaceOrientations_iPad = "UIInterfaceOrientationPortrait UIInterfaceOrientationPortraitUpsideDown UIInterfaceOrientationLandscapeLeft UIInterfaceOrientationLandscapeRight";
				INFOPLIST_KEY_UISupportedInterfaceOrientations_iPhone = "UIInterfaceOrientationPortrait UIInterfaceOrientationLandscapeLeft UIInterfaceOrientationLandscapeRight";
				LD_RUNPATH_SEARCH_PATHS = (
					"$(inherited)",
					"@executable_path/Frameworks",
				);
				MARKETING_VERSION = 1.0;
				PRODUCT_BUNDLE_IDENTIFIER = Olegajaro.Lesson12Contacts;
				PRODUCT_NAME = "$(TARGET_NAME)";
				SWIFT_EMIT_LOC_STRINGS = YES;
				SWIFT_VERSION = 5.0;
				TARGETED_DEVICE_FAMILY = "1,2";
			};
			name = Release;
		};
/* End XCBuildConfiguration section */

/* Begin XCConfigurationList section */
		10770BD8270892EB00ECCBB5 /* Build configuration list for PBXProject "Lesson12Contacts" */ = {
			isa = XCConfigurationList;
			buildConfigurations = (
				10770BEF270892EC00ECCBB5 /* Debug */,
				10770BF0270892EC00ECCBB5 /* Release */,
			);
			defaultConfigurationIsVisible = 0;
			defaultConfigurationName = Release;
		};
		10770BF1270892EC00ECCBB5 /* Build configuration list for PBXNativeTarget "Lesson12Contacts" */ = {
			isa = XCConfigurationList;
			buildConfigurations = (
				10770BF2270892EC00ECCBB5 /* Debug */,
				10770BF3270892EC00ECCBB5 /* Release */,
			);
			defaultConfigurationIsVisible = 0;
			defaultConfigurationName = Release;
		};
/* End XCConfigurationList section */
	};
	rootObject = 10770BD5270892EB00ECCBB5 /* Project object */;
}
